
Microsoft Visual Studio Solution File, Format Version 12.00
# Visual Studio 15
VisualStudioVersion = 15.0.26124.0
MinimumVisualStudioVersion = 15.0.26124.0
Project("{FAE04EC0-301F-11D3-BF4B-00C04F79EFBC}") = "Domain", "Domain\Domain.csproj", "{B3CEAF33-9573-46DF-8F0D-C95833FFE6D6}"
EndProject
Project("{FAE04EC0-301F-11D3-BF4B-00C04F79EFBC}") = "Application", "Application\Application.csproj", "{351DCA00-9821-4453-8CBB-14A206D04E94}"
EndProject
Project("{FAE04EC0-301F-11D3-BF4B-00C04F79EFBC}") = "Persistence", "Persistence\Persistence.csproj", "{0352B6EA-4760-452D-998F-23BDF918D36D}"
EndProject
Project("{FAE04EC0-301F-11D3-BF4B-00C04F79EFBC}") = "API", "API\API.csproj", "{38A3AD92-0D69-4444-A6C0-E35F7DD76D0B}"
EndProject
Global
	GlobalSection(SolutionConfigurationPlatforms) = preSolution
		Debug|Any CPU = Debug|Any CPU
		Debug|x64 = Debug|x64
		Debug|x86 = Debug|x86
		Release|Any CPU = Release|Any CPU
		Release|x64 = Release|x64
		Release|x86 = Release|x86
	EndGlobalSection
	GlobalSection(SolutionProperties) = preSolution
		HideSolutionNode = FALSE
	EndGlobalSection
	GlobalSection(ProjectConfigurationPlatforms) = postSolution
		{B3CEAF33-9573-46DF-8F0D-C95833FFE6D6}.Debug|Any CPU.ActiveCfg = Debug|Any CPU
		{B3CEAF33-9573-46DF-8F0D-C95833FFE6D6}.Debug|Any CPU.Build.0 = Debug|Any CPU
		{B3CEAF33-9573-46DF-8F0D-C95833FFE6D6}.Debug|x64.ActiveCfg = Debug|Any CPU
		{B3CEAF33-9573-46DF-8F0D-C95833FFE6D6}.Debug|x64.Build.0 = Debug|Any CPU
		{B3CEAF33-9573-46DF-8F0D-C95833FFE6D6}.Debug|x86.ActiveCfg = Debug|Any CPU
		{B3CEAF33-9573-46DF-8F0D-C95833FFE6D6}.Debug|x86.Build.0 = Debug|Any CPU
		{B3CEAF33-9573-46DF-8F0D-C95833FFE6D6}.Release|Any CPU.ActiveCfg = Release|Any CPU
		{B3CEAF33-9573-46DF-8F0D-C95833FFE6D6}.Release|Any CPU.Build.0 = Release|Any CPU
		{B3CEAF33-9573-46DF-8F0D-C95833FFE6D6}.Release|x64.ActiveCfg = Release|Any CPU
		{B3CEAF33-9573-46DF-8F0D-C95833FFE6D6}.Release|x64.Build.0 = Release|Any CPU
		{B3CEAF33-9573-46DF-8F0D-C95833FFE6D6}.Release|x86.ActiveCfg = Release|Any CPU
		{B3CEAF33-9573-46DF-8F0D-C95833FFE6D6}.Release|x86.Build.0 = Release|Any CPU
		{351DCA00-9821-4453-8CBB-14A206D04E94}.Debug|Any CPU.ActiveCfg = Debug|Any CPU
		{351DCA00-9821-4453-8CBB-14A206D04E94}.Debug|Any CPU.Build.0 = Debug|Any CPU
		{351DCA00-9821-4453-8CBB-14A206D04E94}.Debug|x64.ActiveCfg = Debug|Any CPU
		{351DCA00-9821-4453-8CBB-14A206D04E94}.Debug|x64.Build.0 = Debug|Any CPU
		{351DCA00-9821-4453-8CBB-14A206D04E94}.Debug|x86.ActiveCfg = Debug|Any CPU
		{351DCA00-9821-4453-8CBB-14A206D04E94}.Debug|x86.Build.0 = Debug|Any CPU
		{351DCA00-9821-4453-8CBB-14A206D04E94}.Release|Any CPU.ActiveCfg = Release|Any CPU
		{351DCA00-9821-4453-8CBB-14A206D04E94}.Release|Any CPU.Build.0 = Release|Any CPU
		{351DCA00-9821-4453-8CBB-14A206D04E94}.Release|x64.ActiveCfg = Release|Any CPU
		{351DCA00-9821-4453-8CBB-14A206D04E94}.Release|x64.Build.0 = Release|Any CPU
		{351DCA00-9821-4453-8CBB-14A206D04E94}.Release|x86.ActiveCfg = Release|Any CPU
		{351DCA00-9821-4453-8CBB-14A206D04E94}.Release|x86.Build.0 = Release|Any CPU
		{0352B6EA-4760-452D-998F-23BDF918D36D}.Debug|Any CPU.ActiveCfg = Debug|Any CPU
		{0352B6EA-4760-452D-998F-23BDF918D36D}.Debug|Any CPU.Build.0 = Debug|Any CPU
		{0352B6EA-4760-452D-998F-23BDF918D36D}.Debug|x64.ActiveCfg = Debug|Any CPU
		{0352B6EA-4760-452D-998F-23BDF918D36D}.Debug|x64.Build.0 = Debug|Any CPU
		{0352B6EA-4760-452D-998F-23BDF918D36D}.Debug|x86.ActiveCfg = Debug|Any CPU
		{0352B6EA-4760-452D-998F-23BDF918D36D}.Debug|x86.Build.0 = Debug|Any CPU
		{0352B6EA-4760-452D-998F-23BDF918D36D}.Release|Any CPU.ActiveCfg = Release|Any CPU
		{0352B6EA-4760-452D-998F-23BDF918D36D}.Release|Any CPU.Build.0 = Release|Any CPU
		{0352B6EA-4760-452D-998F-23BDF918D36D}.Release|x64.ActiveCfg = Release|Any CPU
		{0352B6EA-4760-452D-998F-23BDF918D36D}.Release|x64.Build.0 = Release|Any CPU
		{0352B6EA-4760-452D-998F-23BDF918D36D}.Release|x86.ActiveCfg = Release|Any CPU
		{0352B6EA-4760-452D-998F-23BDF918D36D}.Release|x86.Build.0 = Release|Any CPU
		{38A3AD92-0D69-4444-A6C0-E35F7DD76D0B}.Debug|Any CPU.ActiveCfg = Debug|Any CPU
		{38A3AD92-0D69-4444-A6C0-E35F7DD76D0B}.Debug|Any CPU.Build.0 = Debug|Any CPU
		{38A3AD92-0D69-4444-A6C0-E35F7DD76D0B}.Debug|x64.ActiveCfg = Debug|Any CPU
		{38A3AD92-0D69-4444-A6C0-E35F7DD76D0B}.Debug|x64.Build.0 = Debug|Any CPU
		{38A3AD92-0D69-4444-A6C0-E35F7DD76D0B}.Debug|x86.ActiveCfg = Debug|Any CPU
		{38A3AD92-0D69-4444-A6C0-E35F7DD76D0B}.Debug|x86.Build.0 = Debug|Any CPU
		{38A3AD92-0D69-4444-A6C0-E35F7DD76D0B}.Release|Any CPU.ActiveCfg = Release|Any CPU
		{38A3AD92-0D69-4444-A6C0-E35F7DD76D0B}.Release|Any CPU.Build.0 = Release|Any CPU
		{38A3AD92-0D69-4444-A6C0-E35F7DD76D0B}.Release|x64.ActiveCfg = Release|Any CPU
		{38A3AD92-0D69-4444-A6C0-E35F7DD76D0B}.Release|x64.Build.0 = Release|Any CPU
		{38A3AD92-0D69-4444-A6C0-E35F7DD76D0B}.Release|x86.ActiveCfg = Release|Any CPU
		{38A3AD92-0D69-4444-A6C0-E35F7DD76D0B}.Release|x86.Build.0 = Release|Any CPU
	EndGlobalSection
EndGlobal
